
Microsoft Visual Studio Solution File, Format Version 12.00
# Visual Studio Version 16
VisualStudioVersion = 16.0.33027.164
MinimumVisualStudioVersion = 10.0.40219.1
Project("{9A19103F-16F7-4668-BE54-9A1E7A4F7556}") = "HelloWorld", "HelloWorld\HelloWorld.csproj", "{799E6E46-65E4-41F7-B9A3-6B7B527F7B89}"
EndProject
Project("{FAE04EC0-301F-11D3-BF4B-00C04F79EFBC}") = "VariableResearch", "VariableResearch\VariableResearch.csproj", "{567269A7-1F82-4267-AA53-E98C2471ECAD}"
EndProject
Global
	GlobalSection(SolutionConfigurationPlatforms) = preSolution
		Debug|Any CPU = Debug|Any CPU
		Release|Any CPU = Release|Any CPU
	EndGlobalSection
	GlobalSection(ProjectConfigurationPlatforms) = postSolution
		{799E6E46-65E4-41F7-B9A3-6B7B527F7B89}.Debug|Any CPU.ActiveCfg = Debug|Any CPU
		{799E6E46-65E4-41F7-B9A3-6B7B527F7B89}.Debug|Any CPU.Build.0 = Debug|Any CPU
		{799E6E46-65E4-41F7-B9A3-6B7B527F7B89}.Release|Any CPU.ActiveCfg = Release|Any CPU
		{799E6E46-65E4-41F7-B9A3-6B7B527F7B89}.Release|Any CPU.Build.0 = Release|Any CPU
		{567269A7-1F82-4267-AA53-E98C2471ECAD}.Debug|Any CPU.ActiveCfg = Debug|Any CPU
		{567269A7-1F82-4267-AA53-E98C2471ECAD}.Debug|Any CPU.Build.0 = Debug|Any CPU
		{567269A7-1F82-4267-AA53-E98C2471ECAD}.Release|Any CPU.ActiveCfg = Release|Any CPU
		{567269A7-1F82-4267-AA53-E98C2471ECAD}.Release|Any CPU.Build.0 = Release|Any CPU
	EndGlobalSection
	GlobalSection(SolutionProperties) = preSolution
		HideSolutionNode = FALSE
	EndGlobalSection
	GlobalSection(ExtensibilityGlobals) = postSolution
		SolutionGuid = {2C98A4CA-903B-4356-A30E-C7AB3C4584FF}
	EndGlobalSection
EndGlobal
